<?xml version="1.0" encoding="UTF-8"?>
<CONFIG>
  <ProjectOptions>
    <Version Value="9"/>
    <PathDelim Value="\"/>
    <General>
      <Flags>
        <SaveClosedFiles Value="False"/>
      </Flags>
      <SessionStorage Value="InProjectDir"/>
      <MainUnit Value="0"/>
      <Title Value="lang_tests"/>
      <ResourceType Value="res"/>
      <UseXPManifest Value="True"/>
      <Icon Value="0"/>
    </General>
    <i18n>
      <EnableI18N LFM="False"/>
    </i18n>
    <VersionInfo>
      <StringTable ProductVersion=""/>
    </VersionInfo>
    <BuildModes Count="1">
      <Item1 Name="Default" Default="True"/>
    </BuildModes>
    <PublishOptions>
      <Version Value="2"/>
      <IncludeFileFilter Value="*.(pas|pp|inc|lfm|lpr|lrs|lpi|lpk|sh|xml)"/>
      <ExcludeFileFilter Value="*.(bak|ppu|o|so);*~;backup"/>
    </PublishOptions>
    <RunParams>
      <local>
        <FormatVersion Value="1"/>
      </local>
    </RunParams>
    <RequiredPackages Count="5">
      <Item1>
        <PackageName Value="dwscript"/>
      </Item1>
      <Item2>
        <PackageName Value="LazUtils"/>
      </Item2>
      <Item3>
        <PackageName Value="FPCUnitTestRunner"/>
      </Item3>
      <Item4>
        <PackageName Value="LCL"/>
      </Item4>
      <Item5>
        <PackageName Value="FCL"/>
      </Item5>
    </RequiredPackages>
    <Units Count="6">
      <Unit0>
        <Filename Value="lang_tests.lpr"/>
        <IsPartOfProject Value="True"/>
      </Unit0>
      <Unit1>
        <Filename Value="UAlgorithmsTests.pas"/>
        <IsPartOfProject Value="True"/>
      </Unit1>
      <Unit2>
        <Filename Value="UCornerCasesTests.pas"/>
        <IsPartOfProject Value="True"/>
      </Unit2>
      <Unit3>
        <Filename Value="UdwsUnitTests.pas"/>
        <IsPartOfProject Value="True"/>
      </Unit3>
      <Unit4>
        <Filename Value="UScriptTests.pas"/>
        <IsPartOfProject Value="True"/>
      </Unit4>
      <Unit5>
        <Filename Value="dwsXPlatformTests.pas"/>
        <IsPartOfProject Value="True"/>
      </Unit5>
    </Units>
  </ProjectOptions>
  <CompilerOptions>
    <Version Value="11"/>
    <PathDelim Value="\"/>
    <Target>
      <Filename Value=".\lang_tests"/>
    </Target>
    <SearchPaths>
      <IncludeFiles Value="$(ProjOutDir)"/>
      <UnitOutputDirectory Value="units\$(TargetCPU)-$(TargetOS)\$(LazTarget)"/>
    </SearchPaths>
    <Parsing>
      <SyntaxOptions>
        <SyntaxMode Value="DelphiUnicode"/>
        <IncludeAssertionCode Value="True"/>
        <CPPInline Value="False"/>
      </SyntaxOptions>
    </Parsing>
    <CodeGeneration>
      <Checks>
        <IOChecks Value="True"/>
      </Checks>
    </CodeGeneration>
    <Linking>
      <Debugging>
        <DebugInfoType Value="dsStabs"/>
        <UseHeaptrc Value="True"/>
      </Debugging>
      <Options>
        <Win32>
          <GraphicApplication Value="True"/>
        </Win32>
      </Options>
    </Linking>
    <Other>
      <CompilerMessages>
        <IgnoredMessages idx5024="True" idx5023="True" idx4055="True"/>
      </CompilerMessages>
    </Other>
  </CompilerOptions>
  <Debugging>
    <Exceptions Count="23">
      <Item1>
        <Name Value="EAbort"/>
      </Item1>
      <Item2>
        <Name Value="ECodetoolError"/>
      </Item2>
      <Item3>
        <Name Value="EFOpenError"/>
      </Item3>
      <Item4>
        <Name Value="EConvertError"/>
      </Item4>
      <Item5>
        <Name Value="EHTMLFilterException"/>
      </Item5>
      <Item6>
        <Name Value="EScriptOutOfBounds"/>
      </Item6>
      <Item7>
        <Name Value="ERangeError"/>
      </Item7>
      <Item8>
        <Name Value="EAssertionFailedError"/>
      </Item8>
      <Item9>
        <Name Value="ECompileError"/>
      </Item9>
      <Item10>
        <Name Value="EDelphiException"/>
      </Item10>
      <Item11>
        <Name Value="EReraise"/>
      </Item11>
      <Item12>
        <Name Value="EClassCast"/>
      </Item12>
      <Item13>
        <Name Value="EIntOverflow"/>
      </Item13>
      <Item14>
        <Name Value="EHandledGenerationError"/>
      </Item14>
      <Item15>
        <Name Value="EGenerationError"/>
      </Item15>
      <Item16>
        <Name Value="EScriptStackOverflow"/>
      </Item16>
      <Item17>
        <Name Value="EScriptError"/>
      </Item17>
      <Item18>
        <Name Value="EScriptStopped"/>
      </Item18>
      <Item19>
        <Name Value="EScriptStackException"/>
      </Item19>
      <Item20>
        <Name Value="EScriptAssertionFailed"/>
      </Item20>
      <Item21>
        <Name Value="ETightListOutOfBound"/>
      </Item21>
      <Item22>
        <Name Value="EScriptException"/>
      </Item22>
      <Item23>
        <Name Value="ETestException"/>
      </Item23>
    </Exceptions>
  </Debugging>
</CONFIG>
